{
  "nodes": {
    "home-manager": {
      "inputs": {
        "nixpkgs": [
          "nixpkgs"
        ],
        "utils": "utils"
      },
      "locked": {
        "lastModified": 1679067101,
        "narHash": "sha256-tMI1inGT9u4KWQml0w30dhWqQPlth1e9K/68sfDkEQA=",
        "owner": "nix-community",
        "repo": "home-manager",
        "rev": "9154cd519a8942728038819682d6b3ff33f321bb",
        "type": "github"
      },
      "original": {
        "owner": "nix-community",
        "ref": "release-22.11",
        "repo": "home-manager",
        "type": "github"
      }
    },
    "nixpkgs": {
      "locked": {
        "lastModified": 1677543769,
        "narHash": "sha256-LwbqS8vGisXl2WHpK9r5+kodr0zoIT8F2YB0R4y1TsA=",
        "owner": "nixos",
        "repo": "nixpkgs",
        "rev": "b26d52c9feb6476580016e78935cbf96eb3e2115",
        "type": "github"
      },
      "original": {
        "owner": "nixos",
        "ref": "nixos-22.11",
        "repo": "nixpkgs",
        "type": "github"
      }
    },
    "nixpkgs-unstable": {
      "locked": {
        "lastModified": 1669542132,
        "narHash": "sha256-DRlg++NJAwPh8io3ExBJdNW7Djs3plVI5jgYQ+iXAZQ=",
        "owner": "NixOS",
        "repo": "nixpkgs",
        "rev": "a115bb9bd56831941be3776c8a94005867f316a7",
        "type": "github"
      },
      "original": {
        "owner": "NixOS",
        "ref": "nixos-unstable",
        "repo": "nixpkgs",
        "type": "github"
      }
    },
    "root": {
      "inputs": {
        "home-manager": "home-manager",
        "nixpkgs": "nixpkgs",
        "nixpkgs-unstable": "nixpkgs-unstable"
      }
    },
    "utils": {
      "locked": {
        "lastModified": 1678901627,
        "narHash": "sha256-U02riOqrKKzwjsxc/400XnElV+UtPUQWpANPlyazjH0=",
        "owner": "numtide",
        "repo": "flake-utils",
        "rev": "93a2b84fc4b70d9e089d029deacc3583435c2ed6",
        "type": "github"
      },
      "original": {
        "owner": "numtide",
        "repo": "flake-utils",
        "type": "github"
      }
    }
  },
  "root": "root",
  "version": 7
}
